
Microsoft Visual Studio Solution File, Format Version 12.00
# Visual Studio Version 17
VisualStudioVersion = 17.10.35013.160
MinimumVisualStudioVersion = 10.0.40219.1
Project("{FAE04EC0-301F-11D3-BF4B-00C04F79EFBC}") = "GitHubCopilotUseCase3_ConsoleAppVS", "GitHubCopilotUseCase3_ConsoleAppVS.csproj", "{0E8A64D3-F99C-44DE-8EC1-E65EC0E6E601}"
EndProject
Global
	GlobalSection(SolutionConfigurationPlatforms) = preSolution
		Debug|Any CPU = Debug|Any CPU
		Release|Any CPU = Release|Any CPU
	EndGlobalSection
	GlobalSection(ProjectConfigurationPlatforms) = postSolution
		{0E8A64D3-F99C-44DE-8EC1-E65EC0E6E601}.Debug|Any CPU.ActiveCfg = Debug|Any CPU
		{0E8A64D3-F99C-44DE-8EC1-E65EC0E6E601}.Debug|Any CPU.Build.0 = Debug|Any CPU
		{0E8A64D3-F99C-44DE-8EC1-E65EC0E6E601}.Release|Any CPU.ActiveCfg = Release|Any CPU
		{0E8A64D3-F99C-44DE-8EC1-E65EC0E6E601}.Release|Any CPU.Build.0 = Release|Any CPU
	EndGlobalSection
	GlobalSection(SolutionProperties) = preSolution
		HideSolutionNode = FALSE
	EndGlobalSection
	GlobalSection(ExtensibilityGlobals) = postSolution
		SolutionGuid = {2C933C3E-7679-4CA9-B70C-B4B5F558F444}
	EndGlobalSection
EndGlobal
